dependencies:
- name: trascendence-common
  repository: file://../trascendence-common
  version: 0.1.0
- name: front-end-chart
  repository: file://charts/front-end-chart
  version: 0.1.0
- name: chat-service-chart
  repository: file://charts/chat-service-chart
  version: 0.1.0
- name: login-service-chart
  repository: file://charts/login-service-chart
  version: 0.1.0
- name: cert-manager-chart
  repository: file://charts/cert-manager-chart
  version: 0.1.0
digest: sha256:c7b1f2c48accac2aec58150d894ade216b11b9f6c83846ee2860b0b7d16cf8a1
generated: "2025-05-29T11:52:13.192854994+02:00"
