dependencies:
- name: trascendence-common
  repository: file://../trascendence-common
  version: 0.1.0
- name: front-end-chart
  repository: file://charts/front-end-chart
  version: 0.1.0
- name: chat-service-chart
  repository: file://charts/chat-service-chart
  version: 0.1.0
- name: cert-manager
  repository: https://charts.jetstack.io
  version: v1.13.2
- name: cert-manager-chart
  repository: file://charts/cert-manager-chart
  version: 0.1.0
digest: sha256:968857363eb8a9e11b7fc70799a4cfb1f9e008ed758e672e7df908ed54ff4355
generated: "2025-05-19T11:31:59.283815055+02:00"
