dependencies:
- name: trascendence-common
  repository: file://../trascendence-common
  version: 0.1.0
- name: front-end-chart
  repository: file://charts/front-end-chart
  version: 0.1.0
- name: chat-service-chart
  repository: file://charts/chat-service-chart
  version: 0.1.0
- name: login-service-chart
  repository: file://charts/login-service-chart
  version: 0.1.0
- name: user-service-chart
  repository: file://charts/user-service-chart
  version: 0.1.0
- name: notifications-service-chart
  repository: file://charts/notifications-service-chart
  version: 0.1.0
- name: pong-service-chart
  repository: file://charts/pong-service-chart
  version: 0.1.0
- name: api-docs-service-chart
  repository: file://charts/api-docs-service-chart
  version: 0.1.0
- name: observability-chart
  repository: file://charts/observability-chart
  version: 0.1.0
- name: redis-chart
  repository: file://charts/redis-chart
  version: 0.1.0
- name: cert-manager-chart
  repository: file://charts/cert-manager-chart
  version: 0.1.0
- name: traefik-chart
  repository: file://charts/traefik-chart
  version: 0.1.0
digest: sha256:5375f6c9dadb65d53b03f1e9c72614770dbb9913de76b3bbcd92ba200f629d0f
generated: "2025-07-17T12:36:35.604657547+02:00"
